<?xml version="1.0" encoding="utf-8"?>
<Project ToolsVersion="4.0" xmlns="http://schemas.microsoft.com/developer/msbuild/2003">
  <ItemGroup>
    <ClCompile Include="..\..\linux\test_libuv_tcp_client\test_libuv_tcp_client.c" />
  </ItemGroup>
  <ItemGroup>
    <Text Include="..\..\linux\test_libuv_tcp_client\CMakeLists.txt" />
  </ItemGroup>
</Project>