<?xml version="1.0" encoding="utf-8"?>
<Project ToolsVersion="4.0" xmlns="http://schemas.microsoft.com/developer/msbuild/2003">
  <ItemGroup>
    <Filter Include="include">
      <UniqueIdentifier>{ec9ad692-eea6-4a53-ae97-39d11cb82548}</UniqueIdentifier>
    </Filter>
    <Filter Include="src">
      <UniqueIdentifier>{79573cd1-9599-4ecd-bb8d-6a1751650d66}</UniqueIdentifier>
    </Filter>
    <Filter Include="configs">
      <UniqueIdentifier>{c1b4274e-ff5b-4438-87f0-3b989801fb4b}</UniqueIdentifier>
    </Filter>
  </ItemGroup>
  <ItemGroup>
    <ClInclude Include="..\..\..\app\test_cp_lib\cp_module_list.h">
      <Filter>include</Filter>
    </ClInclude>
    <ClInclude Include="..\..\..\app\test_cp_lib\cp_test_cp_lib.h">
      <Filter>include</Filter>
    </ClInclude>
    <ClInclude Include="..\..\..\app\test_cp_lib\cp_test_cp_lib_info.h">
      <Filter>include</Filter>
    </ClInclude>
  </ItemGroup>
  <ItemGroup>
    <ClCompile Include="..\..\..\app\test_cp_lib\cp_module_list.c">
      <Filter>src</Filter>
    </ClCompile>
    <ClCompile Include="..\..\..\app\test_cp_lib\cp_test_cp_lib.c">
      <Filter>src</Filter>
    </ClCompile>
    <ClCompile Include="..\..\..\app\test_cp_lib\main.c">
      <Filter>src</Filter>
    </ClCompile>
  </ItemGroup>
</Project>