<?xml version="1.0" encoding="utf-8"?>
<Project ToolsVersion="4.0" xmlns="http://schemas.microsoft.com/developer/msbuild/2003">
  <ItemGroup>
    <Filter Include="configs">
      <UniqueIdentifier>{baac1fff-34dc-435e-86af-6bcc4a4f9302}</UniqueIdentifier>
    </Filter>
    <Filter Include="include">
      <UniqueIdentifier>{93995380-89BD-4b04-88EB-625FBE52EBFB}</UniqueIdentifier>
      <Extensions>h;hh;hpp;hxx;hm;inl;inc;xsd</Extensions>
    </Filter>
    <Filter Include="src">
      <UniqueIdentifier>{4FC737F1-C7A5-4376-A066-2A32D752A2FF}</UniqueIdentifier>
      <Extensions>cpp;c;cc;cxx;def;odl;idl;hpj;bat;asm;asmx</Extensions>
    </Filter>
    <Filter Include="src\codec">
      <UniqueIdentifier>{64077315-7e8c-4211-9b70-9871458433a1}</UniqueIdentifier>
    </Filter>
    <Filter Include="src\func">
      <UniqueIdentifier>{2598f737-4d1f-41f0-8b38-0800751ce1ab}</UniqueIdentifier>
    </Filter>
    <Filter Include="src\process">
      <UniqueIdentifier>{3497fffa-c4d7-4f60-ab97-5ab63f402d18}</UniqueIdentifier>
    </Filter>
    <Filter Include="src\app">
      <UniqueIdentifier>{9339f93e-cab5-4c92-959a-9322d9c0cb11}</UniqueIdentifier>
    </Filter>
    <Filter Include="src\codec\ffmpeg">
      <UniqueIdentifier>{b8840d4b-f391-4541-97fc-b8dfcb9f8560}</UniqueIdentifier>
    </Filter>
    <Filter Include="src\dev">
      <UniqueIdentifier>{6c1a5cad-c495-4dad-83c4-5e52a41d8c1e}</UniqueIdentifier>
    </Filter>
    <Filter Include="src\dev\sdl">
      <UniqueIdentifier>{36fd7b5f-d191-4611-9d0d-21bb6bd78e5a}</UniqueIdentifier>
    </Filter>
    <Filter Include="src\extend">
      <UniqueIdentifier>{1e32f365-a025-4cfb-bd56-befb21a99685}</UniqueIdentifier>
    </Filter>
    <Filter Include="src\func\fusion_player">
      <UniqueIdentifier>{6f7ce6a8-50c3-483d-80c2-cb473bd0d79f}</UniqueIdentifier>
    </Filter>
    <Filter Include="src\func\video">
      <UniqueIdentifier>{d8b01c99-9d8a-4260-9e43-7fe8cfa84d65}</UniqueIdentifier>
    </Filter>
  </ItemGroup>
  <ItemGroup>
    <ClInclude Include="..\..\..\app\fusion_player\include\cp_fusion_player_proc.h">
      <Filter>include</Filter>
    </ClInclude>
    <ClInclude Include="..\..\..\app\fusion_player\include\cp_fusion_player_task.h">
      <Filter>include</Filter>
    </ClInclude>
    <ClInclude Include="..\..\..\app\fusion_player\src\codec\cp_fusion_player_codec.h">
      <Filter>src\codec</Filter>
    </ClInclude>
    <ClInclude Include="..\..\..\app\fusion_player\src\codec\cp_fusion_player_codec_core.h">
      <Filter>src\codec</Filter>
    </ClInclude>
    <ClInclude Include="..\..\..\app\fusion_player\src\codec\cp_fusion_player_codec_info.h">
      <Filter>src\codec</Filter>
    </ClInclude>
    <ClInclude Include="..\..\..\app\fusion_player\src\codec\cp_fusion_player_codec_manager.h">
      <Filter>src\codec</Filter>
    </ClInclude>
    <ClInclude Include="..\..\..\app\fusion_player\src\codec\cp_fusion_player_codec_manager_info.h">
      <Filter>src\codec</Filter>
    </ClInclude>
    <ClInclude Include="..\..\..\app\fusion_player\src\func\cp_fusion_player_func_manager.h">
      <Filter>src\func</Filter>
    </ClInclude>
    <ClInclude Include="..\..\..\app\fusion_player\src\func\cp_fusion_player_func_manager_info.h">
      <Filter>src\func</Filter>
    </ClInclude>
    <ClInclude Include="..\..\..\app\fusion_player\src\process\cp_fusion_player_process.h">
      <Filter>src\process</Filter>
    </ClInclude>
    <ClInclude Include="..\..\..\app\fusion_player\src\process\cp_fusion_player_process_core.h">
      <Filter>src\process</Filter>
    </ClInclude>
    <ClInclude Include="..\..\..\app\fusion_player\src\process\cp_fusion_player_process_info.h">
      <Filter>src\process</Filter>
    </ClInclude>
    <ClInclude Include="..\..\..\app\fusion_player\src\process\cp_fusion_player_process_manager.h">
      <Filter>src\process</Filter>
    </ClInclude>
    <ClInclude Include="..\..\..\app\fusion_player\src\process\cp_fusion_player_process_manager_info.h">
      <Filter>src\process</Filter>
    </ClInclude>
    <ClInclude Include="..\..\..\app\fusion_player\include\cp_fusion_player.h">
      <Filter>include</Filter>
    </ClInclude>
    <ClInclude Include="..\..\..\app\fusion_player\include\cp_fusion_player_core.h">
      <Filter>include</Filter>
    </ClInclude>
    <ClInclude Include="..\..\..\app\fusion_player\include\cp_fusion_player_info.h">
      <Filter>include</Filter>
    </ClInclude>
    <ClInclude Include="..\..\..\app\fusion_player\include\cp_fusion_player_module_include.h">
      <Filter>include</Filter>
    </ClInclude>
    <ClInclude Include="..\..\..\app\fusion_player\include\cp_fusion_player_module_list.h">
      <Filter>include</Filter>
    </ClInclude>
    <ClInclude Include="..\..\..\app\fusion_player\include\cp_fusion_player_default.h">
      <Filter>include</Filter>
    </ClInclude>
    <ClInclude Include="..\..\..\app\fusion_player\include\cp_fusion_player_heartbeat.h">
      <Filter>include</Filter>
    </ClInclude>
    <ClInclude Include="..\..\..\app\fusion_player\src\codec\ffmpeg\cp_ffmpeg_av_codec.h">
      <Filter>src\codec\ffmpeg</Filter>
    </ClInclude>
    <ClInclude Include="..\..\..\app\fusion_player\src\codec\ffmpeg\cp_ffmpeg_av_codec_core.h">
      <Filter>src\codec\ffmpeg</Filter>
    </ClInclude>
    <ClInclude Include="..\..\..\app\fusion_player\src\codec\ffmpeg\cp_ffmpeg_av_codec_info.h">
      <Filter>src\codec\ffmpeg</Filter>
    </ClInclude>
    <ClInclude Include="..\..\..\app\fusion_player\src\codec\cp_fusion_player_codec_module_list.h">
      <Filter>src\codec</Filter>
    </ClInclude>
    <ClInclude Include="..\..\..\app\fusion_player\src\dev\cp_fusion_player_dev.h">
      <Filter>src\dev</Filter>
    </ClInclude>
    <ClInclude Include="..\..\..\app\fusion_player\src\dev\cp_fusion_player_dev_core.h">
      <Filter>src\dev</Filter>
    </ClInclude>
    <ClInclude Include="..\..\..\app\fusion_player\src\dev\cp_fusion_player_dev_info.h">
      <Filter>src\dev</Filter>
    </ClInclude>
    <ClInclude Include="..\..\..\app\fusion_player\src\dev\cp_fusion_player_dev_manager.h">
      <Filter>src\dev</Filter>
    </ClInclude>
    <ClInclude Include="..\..\..\app\fusion_player\src\dev\cp_fusion_player_dev_manager_info.h">
      <Filter>src\dev</Filter>
    </ClInclude>
    <ClInclude Include="..\..\..\app\fusion_player\src\dev\cp_fusion_player_dev_module_list.h">
      <Filter>src\dev</Filter>
    </ClInclude>
    <ClInclude Include="..\..\..\app\fusion_player\src\dev\sdl\cp_sdl_av_dev.h">
      <Filter>src\dev\sdl</Filter>
    </ClInclude>
    <ClInclude Include="..\..\..\app\fusion_player\src\dev\sdl\cp_sdl_av_dev_core.h">
      <Filter>src\dev\sdl</Filter>
    </ClInclude>
    <ClInclude Include="..\..\..\app\fusion_player\src\dev\sdl\cp_sdl_av_dev_info.h">
      <Filter>src\dev\sdl</Filter>
    </ClInclude>
    <ClInclude Include="..\..\..\app\fusion_player\src\dev\sdl\cp_sdl_av_dev_opetion.h">
      <Filter>src\dev\sdl</Filter>
    </ClInclude>
    <ClInclude Include="..\..\..\app\fusion_player\src\dev\sdl\cp_sdl_av_dev_data.h">
      <Filter>src\dev\sdl</Filter>
    </ClInclude>
    <ClInclude Include="..\..\..\app\fusion_player\include\cp_media_server_info.h">
      <Filter>include</Filter>
    </ClInclude>
    <ClInclude Include="..\..\..\app\fusion_player\include\cp_media_play.h">
      <Filter>include</Filter>
    </ClInclude>
    <ClInclude Include="..\..\..\app\fusion_player\src\extend\cp_fusion_player_extend.h">
      <Filter>src\extend</Filter>
    </ClInclude>
    <ClInclude Include="..\..\..\app\fusion_player\src\extend\cp_fusion_player_extend_core.h">
      <Filter>src\extend</Filter>
    </ClInclude>
    <ClInclude Include="..\..\..\app\fusion_player\src\extend\cp_fusion_player_extend_info.h">
      <Filter>src\extend</Filter>
    </ClInclude>
    <ClInclude Include="..\..\..\app\fusion_player\src\extend\cp_fusion_player_extend_manager.h">
      <Filter>src\extend</Filter>
    </ClInclude>
    <ClInclude Include="..\..\..\app\fusion_player\src\extend\cp_fusion_player_extend_manager_info.h">
      <Filter>src\extend</Filter>
    </ClInclude>
    <ClInclude Include="..\..\..\app\fusion_player\src\extend\cp_fusion_player_extend_module_list.h">
      <Filter>src\extend</Filter>
    </ClInclude>
    <ClInclude Include="..\..\..\app\fusion_player\include\cp_fusion_player_module_type.h">
      <Filter>include</Filter>
    </ClInclude>
    <ClInclude Include="..\..\..\app\fusion_player\include\cp_fusion_player_socket_data.h">
      <Filter>include</Filter>
    </ClInclude>
    <ClInclude Include="..\..\..\app\fusion_player\src\func\cp_fusion_player_func_manager_core.h">
      <Filter>src\func</Filter>
    </ClInclude>
    <ClInclude Include="..\..\..\app\fusion_player\src\func\cp_fusion_player_func_manager_flag.h">
      <Filter>src\func</Filter>
    </ClInclude>
    <ClInclude Include="..\..\..\app\fusion_player\include\cp_fusion_player_version.h">
      <Filter>include</Filter>
    </ClInclude>
    <ClInclude Include="..\..\..\app\fusion_player\src\codec\ffmpeg\cp_ffmpeg_av_codec_conf.h">
      <Filter>src\codec\ffmpeg</Filter>
    </ClInclude>
    <ClInclude Include="..\..\..\app\fusion_player\src\codec\cp_fusion_player_codec_module_option.h">
      <Filter>src\codec</Filter>
    </ClInclude>
    <ClInclude Include="..\..\..\app\fusion_player\src\dev\cp_fusion_player_dev_module_option.h">
      <Filter>src\dev</Filter>
    </ClInclude>
    <ClInclude Include="..\..\..\app\fusion_player\src\func\cp_fusion_player_func_module_option.h">
      <Filter>src\func</Filter>
    </ClInclude>
    <ClInclude Include="..\..\..\app\fusion_player\include\cp_fusion_player_include.h">
      <Filter>include</Filter>
    </ClInclude>
    <ClInclude Include="..\..\..\app\fusion_player\include\cp_channel_manager.h">
      <Filter>include</Filter>
    </ClInclude>
    <ClInclude Include="..\..\..\app\fusion_player\include\cp_fusion_player_conf_string.h">
      <Filter>include</Filter>
    </ClInclude>
    <ClInclude Include="..\..\..\app\fusion_player\src\dev\sdl\cp_sdl_av_dev_audio_format.h">
      <Filter>src\dev\sdl</Filter>
    </ClInclude>
    <ClInclude Include="..\..\..\app\fusion_player\src\codec\ffmpeg\cp_ffmpeg_av_audio_format.h">
      <Filter>src\codec\ffmpeg</Filter>
    </ClInclude>
    <ClInclude Include="..\..\..\app\fusion_player\src\codec\ffmpeg\cp_ffmpeg_av_audio_channel_layout.h">
      <Filter>src\codec\ffmpeg</Filter>
    </ClInclude>
    <ClInclude Include="..\..\..\app\fusion_player\src\codec\ffmpeg\cp_ffmpeg_av_codec_general.h">
      <Filter>src\codec\ffmpeg</Filter>
    </ClInclude>
    <ClInclude Include="..\..\..\app\fusion_player\src\codec\ffmpeg\cp_ffmpeg_av_audio_codec.h">
      <Filter>src\codec\ffmpeg</Filter>
    </ClInclude>
    <ClInclude Include="..\..\..\app\fusion_player\src\codec\ffmpeg\cp_ffmpeg_av_video_codec.h">
      <Filter>src\codec\ffmpeg</Filter>
    </ClInclude>
    <ClInclude Include="..\..\..\app\fusion_player\src\dev\sdl\cp_sdl_av_dev_audio.h">
      <Filter>src\dev\sdl</Filter>
    </ClInclude>
    <ClInclude Include="..\..\..\app\fusion_player\src\dev\sdl\cp_sdl_av_dev_video.h">
      <Filter>src\dev\sdl</Filter>
    </ClInclude>
    <ClInclude Include="..\..\..\app\fusion_player\include\cp_fusion_player_time.h">
      <Filter>include</Filter>
    </ClInclude>
    <ClInclude Include="..\..\..\app\fusion_player\src\codec\ffmpeg\cp_ffmpeg_av_media_probe.h">
      <Filter>src\codec\ffmpeg</Filter>
    </ClInclude>
    <ClInclude Include="..\..\..\app\fusion_player\include\cp_media_play_manager.h">
      <Filter>include</Filter>
    </ClInclude>
    <ClInclude Include="..\..\..\app\fusion_player\src\func\video\cp_video_func.h">
      <Filter>src\func\video</Filter>
    </ClInclude>
    <ClInclude Include="..\..\..\app\fusion_player\src\func\video\cp_video_func_conf.h">
      <Filter>src\func\video</Filter>
    </ClInclude>
    <ClInclude Include="..\..\..\app\fusion_player\src\func\video\cp_video_func_conf_string.h">
      <Filter>src\func\video</Filter>
    </ClInclude>
    <ClInclude Include="..\..\..\app\fusion_player\src\func\video\cp_video_func_core.h">
      <Filter>src\func\video</Filter>
    </ClInclude>
    <ClInclude Include="..\..\..\app\fusion_player\src\func\video\cp_video_func_info.h">
      <Filter>src\func\video</Filter>
    </ClInclude>
    <ClInclude Include="..\..\..\app\fusion_player\src\func\video\cp_video_func_manager.h">
      <Filter>src\func\video</Filter>
    </ClInclude>
    <ClInclude Include="..\..\..\app\fusion_player\src\func\video\cp_video_func_manager_info.h">
      <Filter>src\func\video</Filter>
    </ClInclude>
    <ClInclude Include="..\..\..\app\fusion_player\src\func\video\cp_video_func_proc.h">
      <Filter>src\func\video</Filter>
    </ClInclude>
    <ClInclude Include="..\..\..\app\fusion_player\include\cp_format_media_play.h">
      <Filter>include</Filter>
    </ClInclude>
    <ClInclude Include="..\..\..\app\fusion_player\src\func\fusion_player\cp_fusion_player_func.h">
      <Filter>src\func\fusion_player</Filter>
    </ClInclude>
    <ClInclude Include="..\..\..\app\fusion_player\src\func\fusion_player\cp_fusion_player_func_core.h">
      <Filter>src\func\fusion_player</Filter>
    </ClInclude>
    <ClInclude Include="..\..\..\app\fusion_player\src\func\fusion_player\cp_fusion_player_func_info.h">
      <Filter>src\func\fusion_player</Filter>
    </ClInclude>
    <ClInclude Include="..\..\..\app\fusion_player\src\func\fusion_player\cp_fusion_player_func_thread.h">
      <Filter>src\func\fusion_player</Filter>
    </ClInclude>
    <ClInclude Include="..\..\..\app\fusion_player\src\codec\ffmpeg\cp_ffmpeg_av_codec_printf.h">
      <Filter>src\codec\ffmpeg</Filter>
    </ClInclude>
    <ClInclude Include="..\..\..\app\fusion_player\src\codec\ffmpeg\cp_ffmpeg_av_file_proc.h">
      <Filter>src\codec\ffmpeg</Filter>
    </ClInclude>
    <ClInclude Include="..\..\..\app\fusion_player\src\codec\ffmpeg\cp_ffmpeg_av_data_proc.h">
      <Filter>src\codec\ffmpeg</Filter>
    </ClInclude>
    <ClInclude Include="..\..\..\app\fusion_player\src\codec\ffmpeg\cp_ffmpeg_av_file_conf.h">
      <Filter>src\codec\ffmpeg</Filter>
    </ClInclude>
    <ClInclude Include="..\..\..\app\fusion_player\src\codec\ffmpeg\cp_ffmpeg_av_file_conf_string.h">
      <Filter>src\codec\ffmpeg</Filter>
    </ClInclude>
    <ClInclude Include="..\..\..\app\fusion_player\src\func\video\cp_video_func_struct.h">
      <Filter>src\func\video</Filter>
    </ClInclude>
  </ItemGroup>
  <ItemGroup>
    <ClCompile Include="..\..\..\app\fusion_player\src\codec\cp_fusion_player_codec.c">
      <Filter>src\codec</Filter>
    </ClCompile>
    <ClCompile Include="..\..\..\app\fusion_player\src\codec\cp_fusion_player_codec_manager.c">
      <Filter>src\codec</Filter>
    </ClCompile>
    <ClCompile Include="..\..\..\app\fusion_player\src\func\cp_fusion_player_func_manager.c">
      <Filter>src\func</Filter>
    </ClCompile>
    <ClCompile Include="..\..\..\app\fusion_player\src\process\cp_fusion_player_process.c">
      <Filter>src\process</Filter>
    </ClCompile>
    <ClCompile Include="..\..\..\app\fusion_player\src\process\cp_fusion_player_process_manager.c">
      <Filter>src\process</Filter>
    </ClCompile>
    <ClCompile Include="..\..\..\app\fusion_player\src\main.c">
      <Filter>src</Filter>
    </ClCompile>
    <ClCompile Include="..\..\..\app\fusion_player\src\app\cp_fusion_player.c">
      <Filter>src\app</Filter>
    </ClCompile>
    <ClCompile Include="..\..\..\app\fusion_player\src\app\cp_fusion_player_info.c">
      <Filter>src\app</Filter>
    </ClCompile>
    <ClCompile Include="..\..\..\app\fusion_player\src\app\cp_fusion_player_module_list.c">
      <Filter>src\app</Filter>
    </ClCompile>
    <ClCompile Include="..\..\..\app\fusion_player\src\app\cp_fusion_player_proc.c">
      <Filter>src\app</Filter>
    </ClCompile>
    <ClCompile Include="..\..\..\app\fusion_player\src\app\cp_fusion_player_task.c">
      <Filter>src\app</Filter>
    </ClCompile>
    <ClCompile Include="..\..\..\app\fusion_player\src\app\cp_fusion_player_heartbeat.c">
      <Filter>src\app</Filter>
    </ClCompile>
    <ClCompile Include="..\..\..\app\fusion_player\src\codec\ffmpeg\cp_ffmpeg_av_codec.c">
      <Filter>src\codec\ffmpeg</Filter>
    </ClCompile>
    <ClCompile Include="..\..\..\app\fusion_player\src\dev\cp_fusion_player_dev.c">
      <Filter>src\dev</Filter>
    </ClCompile>
    <ClCompile Include="..\..\..\app\fusion_player\src\dev\cp_fusion_player_dev_manager.c">
      <Filter>src\dev</Filter>
    </ClCompile>
    <ClCompile Include="..\..\..\app\fusion_player\src\dev\sdl\cp_sdl_av_dev.c">
      <Filter>src\dev\sdl</Filter>
    </ClCompile>
    <ClCompile Include="..\..\..\app\fusion_player\src\app\cp_media_play.c">
      <Filter>src\app</Filter>
    </ClCompile>
    <ClCompile Include="..\..\..\app\fusion_player\src\extend\cp_fusion_player_extend.c">
      <Filter>src\extend</Filter>
    </ClCompile>
    <ClCompile Include="..\..\..\app\fusion_player\src\extend\cp_fusion_player_extend_manager.c">
      <Filter>src\extend</Filter>
    </ClCompile>
    <ClCompile Include="..\..\..\app\fusion_player\src\extend\cp_fusion_player_extend_module_list.c">
      <Filter>src\extend</Filter>
    </ClCompile>
    <ClCompile Include="..\..\..\app\fusion_player\src\app\cp_fusion_player_socket_data.c">
      <Filter>src\app</Filter>
    </ClCompile>
    <ClCompile Include="..\..\..\app\fusion_player\src\codec\ffmpeg\cp_ffmpeg_av_codec_conf.c">
      <Filter>src\codec\ffmpeg</Filter>
    </ClCompile>
    <ClCompile Include="..\..\..\app\fusion_player\src\app\cp_channel_manager.c">
      <Filter>src\app</Filter>
    </ClCompile>
    <ClCompile Include="..\..\..\app\fusion_player\src\dev\sdl\cp_sdl_av_dev_data.c">
      <Filter>src\dev\sdl</Filter>
    </ClCompile>
    <ClCompile Include="..\..\..\app\fusion_player\src\dev\sdl\cp_sdl_av_dev_audio_format.c">
      <Filter>src\dev\sdl</Filter>
    </ClCompile>
    <ClCompile Include="..\..\..\app\fusion_player\src\codec\ffmpeg\cp_ffmpeg_av_audio_format.c">
      <Filter>src\codec\ffmpeg</Filter>
    </ClCompile>
    <ClCompile Include="..\..\..\app\fusion_player\src\codec\ffmpeg\cp_ffmpeg_av_audio_channel_layout.c">
      <Filter>src\codec\ffmpeg</Filter>
    </ClCompile>
    <ClCompile Include="..\..\..\app\fusion_player\src\codec\ffmpeg\cp_ffmpeg_av_codec_general.c">
      <Filter>src\codec\ffmpeg</Filter>
    </ClCompile>
    <ClCompile Include="..\..\..\app\fusion_player\src\codec\ffmpeg\cp_ffmpeg_av_audio_codec.c">
      <Filter>src\codec\ffmpeg</Filter>
    </ClCompile>
    <ClCompile Include="..\..\..\app\fusion_player\src\codec\ffmpeg\cp_ffmpeg_av_video_codec.c">
      <Filter>src\codec\ffmpeg</Filter>
    </ClCompile>
    <ClCompile Include="..\..\..\app\fusion_player\src\dev\sdl\cp_sdl_av_dev_audio.c">
      <Filter>src\dev\sdl</Filter>
    </ClCompile>
    <ClCompile Include="..\..\..\app\fusion_player\src\dev\sdl\cp_sdl_av_dev_video.c">
      <Filter>src\dev\sdl</Filter>
    </ClCompile>
    <ClCompile Include="..\..\..\app\fusion_player\src\app\cp_fusion_player_time.c">
      <Filter>src\app</Filter>
    </ClCompile>
    <ClCompile Include="..\..\..\app\fusion_player\src\codec\ffmpeg\cp_ffmpeg_av_media_probe.c">
      <Filter>src\codec\ffmpeg</Filter>
    </ClCompile>
    <ClCompile Include="..\..\..\app\fusion_player\src\app\cp_media_play_manager.c">
      <Filter>src\app</Filter>
    </ClCompile>
    <ClCompile Include="..\..\..\app\fusion_player\src\func\video\cp_video_func.c">
      <Filter>src\func\video</Filter>
    </ClCompile>
    <ClCompile Include="..\..\..\app\fusion_player\src\func\video\cp_video_func_conf.c">
      <Filter>src\func\video</Filter>
    </ClCompile>
    <ClCompile Include="..\..\..\app\fusion_player\src\func\video\cp_video_func_manager.c">
      <Filter>src\func\video</Filter>
    </ClCompile>
    <ClCompile Include="..\..\..\app\fusion_player\src\func\video\cp_video_func_proc.c">
      <Filter>src\func\video</Filter>
    </ClCompile>
    <ClCompile Include="..\..\..\app\fusion_player\src\codec\cp_fusion_player_codec_module_list.c">
      <Filter>src\codec</Filter>
    </ClCompile>
    <ClCompile Include="..\..\..\app\fusion_player\src\app\cp_format_media_play.c">
      <Filter>src\app</Filter>
    </ClCompile>
    <ClCompile Include="..\..\..\app\fusion_player\src\func\fusion_player\cp_fusion_player_func.c">
      <Filter>src\func\fusion_player</Filter>
    </ClCompile>
    <ClCompile Include="..\..\..\app\fusion_player\src\func\fusion_player\cp_fusion_player_func_thread.c">
      <Filter>src\func\fusion_player</Filter>
    </ClCompile>
    <ClCompile Include="..\..\..\app\fusion_player\src\codec\ffmpeg\cp_ffmpeg_av_file_proc.c">
      <Filter>src\codec\ffmpeg</Filter>
    </ClCompile>
    <ClCompile Include="..\..\..\app\fusion_player\src\codec\ffmpeg\cp_ffmpeg_av_data_proc.c">
      <Filter>src\codec\ffmpeg</Filter>
    </ClCompile>
    <ClCompile Include="..\..\..\app\fusion_player\src\codec\ffmpeg\cp_ffmpeg_av_file_conf.c">
      <Filter>src\codec\ffmpeg</Filter>
    </ClCompile>
  </ItemGroup>
  <ItemGroup>
    <None Include="..\..\..\app\fusion_player\configs\css.conf">
      <Filter>configs</Filter>
    </None>
    <None Include="..\..\..\app\fusion_player\configs\cp_log.conf">
      <Filter>configs</Filter>
    </None>
  </ItemGroup>
  <ItemGroup>
    <Text Include="..\..\..\app\fusion_player\src\app\CMakeLists.txt">
      <Filter>src\app</Filter>
    </Text>
    <Text Include="..\..\..\app\fusion_player\src\codec\ffmpeg\CMakeLists.txt">
      <Filter>src\codec\ffmpeg</Filter>
    </Text>
    <Text Include="..\..\..\app\fusion_player\src\dev\CMakeLists.txt">
      <Filter>src\dev</Filter>
    </Text>
    <Text Include="..\..\..\app\fusion_player\src\dev\sdl\CMakeLists.txt">
      <Filter>src\dev\sdl</Filter>
    </Text>
    <Text Include="..\..\..\app\fusion_player\src\extend\CMakeLists.txt">
      <Filter>src\extend</Filter>
    </Text>
    <Text Include="..\..\..\app\fusion_player\Changes.txt" />
    <Text Include="..\..\..\app\fusion_player\src\func\video\CMakeLists.txt">
      <Filter>src\func\video</Filter>
    </Text>
    <Text Include="..\..\..\app\fusion_player\src\func\fusion_player\CMakeLists.txt">
      <Filter>src\func\fusion_player</Filter>
    </Text>
  </ItemGroup>
  <ItemGroup>
    <Xml Include="..\..\..\app\fusion_player\configs\cp_fusion_player.xml">
      <Filter>configs</Filter>
    </Xml>
    <Xml Include="..\..\..\app\fusion_player\configs\cp_video.xml">
      <Filter>configs</Filter>
    </Xml>
    <Xml Include="..\..\..\app\fusion_player\configs\cp_system.xml">
      <Filter>configs</Filter>
    </Xml>
    <Xml Include="..\..\..\app\fusion_player\configs\cp_configs.xml">
      <Filter>configs</Filter>
    </Xml>
    <Xml Include="..\..\..\app\fusion_player\configs\cp_codec.xml">
      <Filter>configs</Filter>
    </Xml>
  </ItemGroup>
</Project>